{
  "name": "@cdxgen/safer-exec",
  "version": "0.9.4",
  "lockfileVersion": 3,
  "requires": true,
  "packages": {
    "": {
      "name": "@cdxgen/safer-exec",
      "version": "0.9.4",
      "license": "MIT",
      "bin": {
        "safer-exec": "src/cli.js"
      },
      "engines": {
        "node": ">=20.0.0"
      },
      "optionalDependencies": {
        "@cdxgen/safer-exec-darwin-amd64": "0.9.4",
        "@cdxgen/safer-exec-darwin-arm64": "0.9.4",
        "@cdxgen/safer-exec-linux-amd64": "0.9.4",
        "@cdxgen/safer-exec-linux-arm64": "0.9.4"
      }
    },
    "node_modules/@cdxgen/safer-exec-darwin-amd64": {
      "optional": true
    },
    "node_modules/@cdxgen/safer-exec-darwin-arm64": {
      "optional": true
    },
    "node_modules/@cdxgen/safer-exec-linux-amd64": {
      "optional": true
    },
    "node_modules/@cdxgen/safer-exec-linux-arm64": {
      "optional": true
    }
  }
}
