{
  "name": "@cdxgen/safer-exec",
  "version": "0.8.2",
  "lockfileVersion": 3,
  "requires": true,
  "packages": {
    "": {
      "name": "@cdxgen/safer-exec",
      "version": "0.8.2",
      "license": "MIT",
      "bin": {
        "safer-exec": "src/cli.js"
      },
      "engines": {
        "node": ">=20.0.0"
      },
      "optionalDependencies": {
        "@cdxgen/safer-exec-darwin-arm64": "0.8.2",
        "@cdxgen/safer-exec-darwin-x64": "0.8.2",
        "@cdxgen/safer-exec-linux-arm64": "0.8.2",
        "@cdxgen/safer-exec-linux-x64": "0.8.2"
      }
    },
    "node_modules/@cdxgen/safer-exec-darwin-arm64": {
      "optional": true
    },
    "node_modules/@cdxgen/safer-exec-darwin-x64": {
      "optional": true
    },
    "node_modules/@cdxgen/safer-exec-linux-arm64": {
      "optional": true
    },
    "node_modules/@cdxgen/safer-exec-linux-x64": {
      "optional": true
    }
  }
}
